
Microsoft Visual Studio Solution File, Format Version 12.00
# Visual Studio Version 17
VisualStudioVersion = 17.12.35707.178 d17.12
MinimumVisualStudioVersion = 10.0.40219.1
Project("{FAE04EC0-301F-11D3-BF4B-00C04F79EFBC}") = "和为 K 的子数组", "和为 K 的子数组.csproj", "{594C64A6-D6EE-4F02-902E-6B19F5BDA148}"
EndProject
Global
	GlobalSection(SolutionConfigurationPlatforms) = preSolution
		Debug|Any CPU = Debug|Any CPU
		Release|Any CPU = Release|Any CPU
	EndGlobalSection
	GlobalSection(ProjectConfigurationPlatforms) = postSolution
		{594C64A6-D6EE-4F02-902E-6B19F5BDA148}.Debug|Any CPU.ActiveCfg = Debug|Any CPU
		{594C64A6-D6EE-4F02-902E-6B19F5BDA148}.Debug|Any CPU.Build.0 = Debug|Any CPU
		{594C64A6-D6EE-4F02-902E-6B19F5BDA148}.Release|Any CPU.ActiveCfg = Release|Any CPU
		{594C64A6-D6EE-4F02-902E-6B19F5BDA148}.Release|Any CPU.Build.0 = Release|Any CPU
	EndGlobalSection
	GlobalSection(SolutionProperties) = preSolution
		HideSolutionNode = FALSE
	EndGlobalSection
EndGlobal
